<?xml version="1.0" encoding="utf-8"?>
<Project ToolsVersion="4.0" xmlns="http://schemas.microsoft.com/developer/msbuild/2003">
  <ItemGroup>
    <Filter Include="소스 파일">
      <UniqueIdentifier>{4FC737F1-C7A5-4376-A066-2A32D752A2FF}</UniqueIdentifier>
      <Extensions>cpp;c;cc;cxx;c++;cppm;ixx;def;odl;idl;hpj;bat;asm;asmx</Extensions>
    </Filter>
    <Filter Include="헤더 파일">
      <UniqueIdentifier>{93995380-89BD-4b04-88EB-625FBE52EBFB}</UniqueIdentifier>
      <Extensions>h;hh;hpp;hxx;h++;hm;inl;inc;ipp;xsd</Extensions>
    </Filter>
    <Filter Include="리소스 파일">
      <UniqueIdentifier>{67DA6AB6-F800-4c08-8B7A-83BB121AAD01}</UniqueIdentifier>
      <Extensions>rc;ico;cur;bmp;dlg;rc2;rct;bin;rgs;gif;jpg;jpeg;jpe;resx;tiff;tif;png;wav;mfcribbon-ms</Extensions>
    </Filter>
    <Filter Include="헤더 파일\DirectX">
      <UniqueIdentifier>{571ee66e-30c5-47a7-8f6d-9929140a1ca7}</UniqueIdentifier>
    </Filter>
    <Filter Include="소스 파일\DirectX">
      <UniqueIdentifier>{dbabf076-8912-4065-961f-6fb311cd90cf}</UniqueIdentifier>
    </Filter>
    <Filter Include="쉐이더 파일">
      <UniqueIdentifier>{9d19d74f-4b37-4999-abe4-b1c124dd7251}</UniqueIdentifier>
    </Filter>
    <Filter Include="소스 파일\Mesh">
      <UniqueIdentifier>{c37ff432-7bc0-47a2-86af-a6256acfd81f}</UniqueIdentifier>
    </Filter>
    <Filter Include="소스 파일\Camera">
      <UniqueIdentifier>{1e34ea17-ef47-4525-9bfc-fe10d28f1cd7}</UniqueIdentifier>
    </Filter>
    <Filter Include="헤더 파일\Camera">
      <UniqueIdentifier>{ac33206f-4eb3-47fa-b70c-9b1fbe99ddb7}</UniqueIdentifier>
    </Filter>
    <Filter Include="소스 파일\Manager">
      <UniqueIdentifier>{a643409f-ad27-401c-9a31-6dad5f1931a2}</UniqueIdentifier>
    </Filter>
    <Filter Include="소스 파일\Material">
      <UniqueIdentifier>{58956089-ea42-4e47-8689-4522397255cb}</UniqueIdentifier>
    </Filter>
    <Filter Include="소스 파일\Animation">
      <UniqueIdentifier>{2084b59f-feb2-4849-87a5-e09b637e7065}</UniqueIdentifier>
    </Filter>
    <Filter Include="헤더 파일\Animation">
      <UniqueIdentifier>{cc20a2b1-c2d2-45ff-8ac7-b3ffd1b57b3e}</UniqueIdentifier>
    </Filter>
    <Filter Include="소스 파일\State">
      <UniqueIdentifier>{6fddd2f9-61c0-4041-85fc-5cb6f4c69e83}</UniqueIdentifier>
    </Filter>
    <Filter Include="헤더 파일\Mesh">
      <UniqueIdentifier>{06c107b3-7762-4043-808e-d2fd0c09efaf}</UniqueIdentifier>
    </Filter>
    <Filter Include="헤더 파일\Material">
      <UniqueIdentifier>{23e5b0bd-27f6-461f-8538-b4c4747396ff}</UniqueIdentifier>
    </Filter>
    <Filter Include="소스 파일\Scene">
      <UniqueIdentifier>{8c32ea8f-03e7-4460-8f3b-53f835fd2b37}</UniqueIdentifier>
    </Filter>
    <Filter Include="소스 파일\Shader">
      <UniqueIdentifier>{488c507a-8552-4556-9e47-27a3c7410692}</UniqueIdentifier>
    </Filter>
    <Filter Include="헤더 파일\Manager">
      <UniqueIdentifier>{dccf2aa2-28ce-429f-b098-4bdd48df99f5}</UniqueIdentifier>
    </Filter>
    <Filter Include="헤더 파일\Scene">
      <UniqueIdentifier>{b57e65c4-1832-4f91-91fe-49bbe3b8b30e}</UniqueIdentifier>
    </Filter>
    <Filter Include="헤더 파일\Shader">
      <UniqueIdentifier>{be66a8fc-e9b5-4ed6-9b9b-bd9d5993f0f7}</UniqueIdentifier>
    </Filter>
    <Filter Include="헤더 파일\State">
      <UniqueIdentifier>{baf005c9-258e-4536-bf7f-889c75348fa5}</UniqueIdentifier>
    </Filter>
    <Filter Include="소스 파일\Navigation">
      <UniqueIdentifier>{cba9b774-a24f-4363-909c-652d5ee36669}</UniqueIdentifier>
    </Filter>
    <Filter Include="헤더 파일\Navigation">
      <UniqueIdentifier>{a8195f52-9976-4368-a2dd-54cea02a7587}</UniqueIdentifier>
    </Filter>
    <Filter Include="소스 파일\Event">
      <UniqueIdentifier>{e497fe1a-23bc-4897-8e89-47317c9d37fa}</UniqueIdentifier>
    </Filter>
    <Filter Include="헤더 파일\Event">
      <UniqueIdentifier>{c2c38898-6902-4ad4-80f9-2edadc1a04d5}</UniqueIdentifier>
    </Filter>
    <Filter Include="소스 파일\Entity">
      <UniqueIdentifier>{925d8140-55d6-42bb-83df-c1ed190af1d5}</UniqueIdentifier>
    </Filter>
    <Filter Include="헤더 파일\Entity">
      <UniqueIdentifier>{c3e7e4c0-5e26-4772-b11f-3e77fc2719e0}</UniqueIdentifier>
    </Filter>
    <Filter Include="헤더 파일\UI &amp; SkyBox">
      <UniqueIdentifier>{885e37f3-c910-4ea3-8f02-8f764b0bbcfd}</UniqueIdentifier>
    </Filter>
    <Filter Include="소스 파일\UI &amp; SkyBox">
      <UniqueIdentifier>{d9bee6e8-5b9c-474c-9df4-83a30240bb20}</UniqueIdentifier>
    </Filter>
  </ItemGroup>
  <ItemGroup>
    <ClCompile Include="Main.cpp">
      <Filter>소스 파일</Filter>
    </ClCompile>
    <ClCompile Include="stdafx.cpp">
      <Filter>소스 파일</Filter>
    </ClCompile>
    <ClCompile Include="Framework.cpp">
      <Filter>소스 파일</Filter>
    </ClCompile>
    <ClCompile Include="Timer.cpp">
      <Filter>소스 파일</Filter>
    </ClCompile>
    <ClCompile Include="DDSTextureLoader12.cpp">
      <Filter>소스 파일\DirectX</Filter>
    </ClCompile>
    <ClCompile Include="Scene.cpp">
      <Filter>소스 파일\Scene</Filter>
    </ClCompile>
    <ClCompile Include="GameScene.cpp">
      <Filter>소스 파일\Scene</Filter>
    </ClCompile>
    <ClCompile Include="Shader.cpp">
      <Filter>소스 파일\Shader</Filter>
    </ClCompile>
    <ClCompile Include="GameObject.cpp">
      <Filter>소스 파일\Entity</Filter>
    </ClCompile>
    <ClCompile Include="Player.cpp">
      <Filter>소스 파일\Entity</Filter>
    </ClCompile>
    <ClCompile Include="Camera.cpp">
      <Filter>소스 파일\Camera</Filter>
    </ClCompile>
    <ClCompile Include="SceneManager.cpp">
      <Filter>소스 파일\Manager</Filter>
    </ClCompile>
    <ClCompile Include="TextureManager.cpp">
      <Filter>소스 파일\Manager</Filter>
    </ClCompile>
    <ClCompile Include="BilboardMesh.cpp">
      <Filter>소스 파일\Mesh</Filter>
    </ClCompile>
    <ClCompile Include="SkyBoxShader.cpp">
      <Filter>소스 파일\Shader</Filter>
    </ClCompile>
    <ClCompile Include="ShadowMapShader.cpp">
      <Filter>소스 파일\Shader</Filter>
    </ClCompile>
    <ClCompile Include="Material.cpp">
      <Filter>소스 파일\Material</Filter>
    </ClCompile>
    <ClCompile Include="DebugShader.cpp">
      <Filter>소스 파일\Shader</Filter>
    </ClCompile>
    <ClCompile Include="AnimationController.cpp">
      <Filter>소스 파일\Animation</Filter>
    </ClCompile>
    <ClCompile Include="Mesh.cpp">
      <Filter>소스 파일\Mesh</Filter>
    </ClCompile>
    <ClCompile Include="ShaderManager.cpp">
      <Filter>소스 파일\Manager</Filter>
    </ClCompile>
    <ClCompile Include="UIAnimationController.cpp">
      <Filter>소스 파일\Animation</Filter>
    </ClCompile>
    <ClCompile Include="State.cpp">
      <Filter>소스 파일\State</Filter>
    </ClCompile>
    <ClCompile Include="StateMachine.cpp">
      <Filter>소스 파일\State</Filter>
    </ClCompile>
    <ClCompile Include="State_Player.cpp">
      <Filter>소스 파일\State</Filter>
    </ClCompile>
    <ClCompile Include="Guard.cpp">
      <Filter>소스 파일\Entity</Filter>
    </ClCompile>
    <ClCompile Include="State_Guard.cpp">
      <Filter>소스 파일\State</Filter>
    </ClCompile>
    <ClCompile Include="State_MissionUI.cpp">
      <Filter>소스 파일\State</Filter>
    </ClCompile>
    <ClCompile Include="NavMesh.cpp">
      <Filter>소스 파일\Navigation</Filter>
    </ClCompile>
    <ClCompile Include="NavNode.cpp">
      <Filter>소스 파일\Navigation</Filter>
    </ClCompile>
    <ClCompile Include="EventTrigger.cpp">
      <Filter>소스 파일\Event</Filter>
    </ClCompile>
    <ClCompile Include="EventTriggers.cpp">
      <Filter>소스 파일\Event</Filter>
    </ClCompile>
    <ClCompile Include="State_KeyUI.cpp">
      <Filter>소스 파일\State</Filter>
    </ClCompile>
    <ClCompile Include="State_HitUI.cpp">
      <Filter>소스 파일\State</Filter>
    </ClCompile>
    <ClCompile Include="UIShader.cpp">
      <Filter>소스 파일\Shader</Filter>
    </ClCompile>
    <ClCompile Include="TitleScene.cpp">
      <Filter>소스 파일\Scene</Filter>
    </ClCompile>
    <ClCompile Include="State_Background.cpp">
      <Filter>소스 파일\State</Filter>
    </ClCompile>
    <ClCompile Include="Texture.cpp">
      <Filter>소스 파일\Material</Filter>
    </ClCompile>
    <ClCompile Include="BilboardObject.cpp">
      <Filter>소스 파일\UI &amp; SkyBox</Filter>
    </ClCompile>
    <ClCompile Include="SkyBox.cpp">
      <Filter>소스 파일\UI &amp; SkyBox</Filter>
    </ClCompile>
    <ClCompile Include="UIs.cpp">
      <Filter>소스 파일\UI &amp; SkyBox</Filter>
    </ClCompile>
  </ItemGroup>
  <ItemGroup>
    <ClInclude Include="stdafx.h">
      <Filter>헤더 파일</Filter>
    </ClInclude>
    <ClInclude Include="Framework.h">
      <Filter>헤더 파일</Filter>
    </ClInclude>
    <ClInclude Include="Timer.h">
      <Filter>헤더 파일</Filter>
    </ClInclude>
    <ClInclude Include="D3DX12.h">
      <Filter>헤더 파일\DirectX</Filter>
    </ClInclude>
    <ClInclude Include="DDSTextureLoader12.h">
      <Filter>헤더 파일\DirectX</Filter>
    </ClInclude>
    <ClInclude Include="Scene.h">
      <Filter>헤더 파일\Scene</Filter>
    </ClInclude>
    <ClInclude Include="GameScene.h">
      <Filter>헤더 파일\Scene</Filter>
    </ClInclude>
    <ClInclude Include="Shader.h">
      <Filter>헤더 파일\Shader</Filter>
    </ClInclude>
    <ClInclude Include="GameObject.h">
      <Filter>헤더 파일\Entity</Filter>
    </ClInclude>
    <ClInclude Include="Mesh.h">
      <Filter>헤더 파일\Mesh</Filter>
    </ClInclude>
    <ClInclude Include="Player.h">
      <Filter>헤더 파일\Entity</Filter>
    </ClInclude>
    <ClInclude Include="Camera.h">
      <Filter>헤더 파일\Camera</Filter>
    </ClInclude>
    <ClInclude Include="SceneManager.h">
      <Filter>헤더 파일\Manager</Filter>
    </ClInclude>
    <ClInclude Include="TextureManager.h">
      <Filter>헤더 파일\Manager</Filter>
    </ClInclude>
    <ClInclude Include="BilboardMesh.h">
      <Filter>헤더 파일\Mesh</Filter>
    </ClInclude>
    <ClInclude Include="SkyBoxShader.h">
      <Filter>헤더 파일\Shader</Filter>
    </ClInclude>
    <ClInclude Include="ShadowMapShader.h">
      <Filter>헤더 파일\Shader</Filter>
    </ClInclude>
    <ClInclude Include="Material.h">
      <Filter>헤더 파일\Material</Filter>
    </ClInclude>
    <ClInclude Include="DebugShader.h">
      <Filter>헤더 파일\Shader</Filter>
    </ClInclude>
    <ClInclude Include="AnimationController.h">
      <Filter>헤더 파일\Animation</Filter>
    </ClInclude>
    <ClInclude Include="ShaderManager.h">
      <Filter>헤더 파일\Manager</Filter>
    </ClInclude>
    <ClInclude Include="UIShader.h">
      <Filter>헤더 파일\Shader</Filter>
    </ClInclude>
    <ClInclude Include="UIAnimationController.h">
      <Filter>헤더 파일\Animation</Filter>
    </ClInclude>
    <ClInclude Include="State.h">
      <Filter>헤더 파일\State</Filter>
    </ClInclude>
    <ClInclude Include="StateMachine.h">
      <Filter>헤더 파일\State</Filter>
    </ClInclude>
    <ClInclude Include="State_Player.h">
      <Filter>헤더 파일\State</Filter>
    </ClInclude>
    <ClInclude Include="Guard.h">
      <Filter>헤더 파일\Entity</Filter>
    </ClInclude>
    <ClInclude Include="State_Guard.h">
      <Filter>헤더 파일\State</Filter>
    </ClInclude>
    <ClInclude Include="State_MissionUI.h">
      <Filter>헤더 파일\State</Filter>
    </ClInclude>
    <ClInclude Include="NavMesh.h">
      <Filter>헤더 파일\Navigation</Filter>
    </ClInclude>
    <ClInclude Include="NavNode.h">
      <Filter>헤더 파일\Navigation</Filter>
    </ClInclude>
    <ClInclude Include="EventTrigger.h">
      <Filter>헤더 파일\Event</Filter>
    </ClInclude>
    <ClInclude Include="EventTriggers.h">
      <Filter>헤더 파일\Event</Filter>
    </ClInclude>
    <ClInclude Include="State_KeyUI.h">
      <Filter>헤더 파일\State</Filter>
    </ClInclude>
    <ClInclude Include="State_HitUI.h">
      <Filter>헤더 파일\State</Filter>
    </ClInclude>
    <ClInclude Include="TitleScene.h">
      <Filter>헤더 파일\Scene</Filter>
    </ClInclude>
    <ClInclude Include="State_Background.h">
      <Filter>헤더 파일\State</Filter>
    </ClInclude>
    <ClInclude Include="Texture.h">
      <Filter>헤더 파일\Material</Filter>
    </ClInclude>
    <ClInclude Include="BilboardObject.h">
      <Filter>헤더 파일\UI &amp; SkyBox</Filter>
    </ClInclude>
    <ClInclude Include="UIs.h">
      <Filter>헤더 파일\UI &amp; SkyBox</Filter>
    </ClInclude>
    <ClInclude Include="SkyBox.h">
      <Filter>헤더 파일\UI &amp; SkyBox</Filter>
    </ClInclude>
  </ItemGroup>
  <ItemGroup>
    <FxCompile Include="GameSceneShader.hlsl">
      <Filter>쉐이더 파일</Filter>
    </FxCompile>
  </ItemGroup>
</Project>